// !$*UTF8*$!
{
	archiveVersion = 1;
	classes = {
	};
	objectVersion = 77;
	objects = {

/* Begin PBXBuildFile section */
		5C336C472CE1D9C100E3D759 /* .gitignore in Resources */ = {isa = PBXBuildFile; fileRef = 5C336C462CE1D9C100E3D759 /* .gitignore */; };
/* End PBXBuildFile section */

/* Begin PBXContainerItemProxy section */
		5CD3CCB42CE1D1FF009768BC /* PBXContainerItemProxy */ = {
			isa = PBXContainerItemProxy;
			containerPortal = 5CD3CC952CE1D1FE009768BC /* Project object */;
			proxyType = 1;
			remoteGlobalIDString = 5CD3CC9C2CE1D1FE009768BC;
			remoteInfo = Readly;
		};
		5CD3CCBE2CE1D1FF009768BC /* PBXContainerItemProxy */ = {
			isa = PBXContainerItemProxy;
			containerPortal = 5CD3CC952CE1D1FE009768BC /* Project object */;
			proxyType = 1;
			remoteGlobalIDString = 5CD3CC9C2CE1D1FE009768BC;
			remoteInfo = Readly;
		};
/* End PBXContainerItemProxy section */

/* Begin PBXFileReference section */
		5C336C462CE1D9C100E3D759 /* .gitignore */ = {isa = PBXFileReference; lastKnownFileType = text; path = .gitignore; sourceTree = "<group>"; };
		5CD3CC9D2CE1D1FE009768BC /* Readly.app */ = {isa = PBXFileReference; explicitFileType = wrapper.application; includeInIndex = 0; path = Readly.app; sourceTree = BUILT_PRODUCTS_DIR; };
		5CD3CCB32CE1D1FF009768BC /* ReadlyTests.xctest */ = {isa = PBXFileReference; explicitFileType = wrapper.cfbundle; includeInIndex = 0; path = ReadlyTests.xctest; sourceTree = BUILT_PRODUCTS_DIR; };
		5CD3CCBD2CE1D1FF009768BC /* ReadlyUITests.xctest */ = {isa = PBXFileReference; explicitFileType = wrapper.cfbundle; includeInIndex = 0; path = ReadlyUITests.xctest; sourceTree = BUILT_PRODUCTS_DIR; };
/* End PBXFileReference section */

/* Begin PBXFileSystemSynchronizedBuildFileExceptionSet section */
		5CD3CCC52CE1D1FF009768BC /* Exceptions for "Readly" folder in "Readly" target */ = {
			isa = PBXFileSystemSynchronizedBuildFileExceptionSet;
			membershipExceptions = (
				Info.plist,
			);
			target = 5CD3CC9C2CE1D1FE009768BC /* Readly */;
		};
/* End PBXFileSystemSynchronizedBuildFileExceptionSet section */

/* Begin PBXFileSystemSynchronizedRootGroup section */
		5CD3CC9F2CE1D1FE009768BC /* Readly */ = {
			isa = PBXFileSystemSynchronizedRootGroup;
			exceptions = (
				5CD3CCC52CE1D1FF009768BC /* Exceptions for "Readly" folder in "Readly" target */,
			);
			path = Readly;
			sourceTree = "<group>";
		};
		5CD3CCB62CE1D1FF009768BC /* ReadlyTests */ = {
			isa = PBXFileSystemSynchronizedRootGroup;
			path = ReadlyTests;
			sourceTree = "<group>";
		};
		5CD3CCC02CE1D1FF009768BC /* ReadlyUITests */ = {
			isa = PBXFileSystemSynchronizedRootGroup;
			path = ReadlyUITests;
			sourceTree = "<group>";
		};
/* End PBXFileSystemSynchronizedRootGroup section */

/* Begin PBXFrameworksBuildPhase section */
		5CD3CC9A2CE1D1FE009768BC /* Frameworks */ = {
			isa = PBXFrameworksBuildPhase;
			buildActionMask = 2147483647;
			files = (
			);
			runOnlyForDeploymentPostprocessing = 0;
		};
		5CD3CCB02CE1D1FF009768BC /* Frameworks */ = {
			isa = PBXFrameworksBuildPhase;
			buildActionMask = 2147483647;
			files = (
			);
			runOnlyForDeploymentPostprocessing = 0;
		};
		5CD3CCBA2CE1D1FF009768BC /* Frameworks */ = {
			isa = PBXFrameworksBuildPhase;
			buildActionMask = 2147483647;
			files = (
			);
			runOnlyForDeploymentPostprocessing = 0;
		};
/* End PBXFrameworksBuildPhase section */

/* Begin PBXGroup section */
		5CD3CC942CE1D1FE009768BC = {
			isa = PBXGroup;
			children = (
				5C336C462CE1D9C100E3D759 /* .gitignore */,
				5CD3CC9F2CE1D1FE009768BC /* Readly */,
				5CD3CCB62CE1D1FF009768BC /* ReadlyTests */,
				5CD3CCC02CE1D1FF009768BC /* ReadlyUITests */,
				5CD3CC9E2CE1D1FE009768BC /* Products */,
			);
			sourceTree = "<group>";
		};
		5CD3CC9E2CE1D1FE009768BC /* Products */ = {
			isa = PBXGroup;
			children = (
				5CD3CC9D2CE1D1FE009768BC /* Readly.app */,
				5CD3CCB32CE1D1FF009768BC /* ReadlyTests.xctest */,
				5CD3CCBD2CE1D1FF009768BC /* ReadlyUITests.xctest */,
			);
			name = Products;
			sourceTree = "<group>";
		};
/* End PBXGroup section */

/* Begin PBXNativeTarget section */
		5CD3CC9C2CE1D1FE009768BC /* Readly */ = {
			isa = PBXNativeTarget;
			buildConfigurationList = 5CD3CCC62CE1D1FF009768BC /* Build configuration list for PBXNativeTarget "Readly" */;
			buildPhases = (
				5CD3CC992CE1D1FE009768BC /* Sources */,
				5CD3CC9A2CE1D1FE009768BC /* Frameworks */,
				5CD3CC9B2CE1D1FE009768BC /* Resources */,
			);
			buildRules = (
			);
			dependencies = (
			);
			fileSystemSynchronizedGroups = (
				5CD3CC9F2CE1D1FE009768BC /* Readly */,
			);
			name = Readly;
			packageProductDependencies = (
			);
			productName = Readly;
			productReference = 5CD3CC9D2CE1D1FE009768BC /* Readly.app */;
			productType = "com.apple.product-type.application";
		};
		5CD3CCB22CE1D1FF009768BC /* ReadlyTests */ = {
			isa = PBXNativeTarget;
			buildConfigurationList = 5CD3CCCB2CE1D1FF009768BC /* Build configuration list for PBXNativeTarget "ReadlyTests" */;
			buildPhases = (
				5CD3CCAF2CE1D1FF009768BC /* Sources */,
				5CD3CCB02CE1D1FF009768BC /* Frameworks */,
				5CD3CCB12CE1D1FF009768BC /* Resources */,
			);
			buildRules = (
			);
			dependencies = (
				5CD3CCB52CE1D1FF009768BC /* PBXTargetDependency */,
			);
			fileSystemSynchronizedGroups = (
				5CD3CCB62CE1D1FF009768BC /* ReadlyTests */,
			);
			name = ReadlyTests;
			packageProductDependencies = (
			);
			productName = ReadlyTests;
			productReference = 5CD3CCB32CE1D1FF009768BC /* ReadlyTests.xctest */;
			productType = "com.apple.product-type.bundle.unit-test";
		};
		5CD3CCBC2CE1D1FF009768BC /* ReadlyUITests */ = {
			isa = PBXNativeTarget;
			buildConfigurationList = 5CD3CCCE2CE1D1FF009768BC /* Build configuration list for PBXNativeTarget "ReadlyUITests" */;
			buildPhases = (
				5CD3CCB92CE1D1FF009768BC /* Sources */,
				5CD3CCBA2CE1D1FF009768BC /* Frameworks */,
				5CD3CCBB2CE1D1FF009768BC /* Resources */,
			);
			buildRules = (
			);
			dependencies = (
				5CD3CCBF2CE1D1FF009768BC /* PBXTargetDependency */,
			);
			fileSystemSynchronizedGroups = (
				5CD3CCC02CE1D1FF009768BC /* ReadlyUITests */,
			);
			name = ReadlyUITests;
			packageProductDependencies = (
			);
			productName = ReadlyUITests;
			productReference = 5CD3CCBD2CE1D1FF009768BC /* ReadlyUITests.xctest */;
			productType = "com.apple.product-type.bundle.ui-testing";
		};
/* End PBXNativeTarget section */

/* Begin PBXProject section */
		5CD3CC952CE1D1FE009768BC /* Project object */ = {
			isa = PBXProject;
			attributes = {
				BuildIndependentTargetsInParallel = 1;
				LastSwiftUpdateCheck = 1610;
				LastUpgradeCheck = 1610;
				TargetAttributes = {
					5CD3CC9C2CE1D1FE009768BC = {
						CreatedOnToolsVersion = 16.1;
					};
					5CD3CCB22CE1D1FF009768BC = {
						CreatedOnToolsVersion = 16.1;
						TestTargetID = 5CD3CC9C2CE1D1FE009768BC;
					};
					5CD3CCBC2CE1D1FF009768BC = {
						CreatedOnToolsVersion = 16.1;
						TestTargetID = 5CD3CC9C2CE1D1FE009768BC;
					};
				};
			};
			buildConfigurationList = 5CD3CC982CE1D1FE009768BC /* Build configuration list for PBXProject "Readly" */;
			developmentRegion = en;
			hasScannedForEncodings = 0;
			knownRegions = (
				en,
				Base,
			);
			mainGroup = 5CD3CC942CE1D1FE009768BC;
			minimizedProjectReferenceProxies = 1;
			preferredProjectObjectVersion = 77;
			productRefGroup = 5CD3CC9E2CE1D1FE009768BC /* Products */;
			projectDirPath = "";
			projectRoot = "";
			targets = (
				5CD3CC9C2CE1D1FE009768BC /* Readly */,
				5CD3CCB22CE1D1FF009768BC /* ReadlyTests */,
				5CD3CCBC2CE1D1FF009768BC /* ReadlyUITests */,
			);
		};
/* End PBXProject section */

/* Begin PBXResourcesBuildPhase section */
		5CD3CC9B2CE1D1FE009768BC /* Resources */ = {
			isa = PBXResourcesBuildPhase;
			buildActionMask = 2147483647;
			files = (
				5C336C472CE1D9C100E3D759 /* .gitignore in Resources */,
			);
			runOnlyForDeploymentPostprocessing = 0;
		};
		5CD3CCB12CE1D1FF009768BC /* Resources */ = {
			isa = PBXResourcesBuildPhase;
			buildActionMask = 2147483647;
			files = (
			);
			runOnlyForDeploymentPostprocessing = 0;
		};
		5CD3CCBB2CE1D1FF009768BC /* Resources */ = {
			isa = PBXResourcesBuildPhase;
			buildActionMask = 2147483647;
			files = (
			);
			runOnlyForDeploymentPostprocessing = 0;
		};
/* End PBXResourcesBuildPhase section */

/* Begin PBXSourcesBuildPhase section */
		5CD3CC992CE1D1FE009768BC /* Sources */ = {
			isa = PBXSourcesBuildPhase;
			buildActionMask = 2147483647;
			files = (
			);
			runOnlyForDeploymentPostprocessing = 0;
		};
		5CD3CCAF2CE1D1FF009768BC /* Sources */ = {
			isa = PBXSourcesBuildPhase;
			buildActionMask = 2147483647;
			files = (
			);
			runOnlyForDeploymentPostprocessing = 0;
		};
		5CD3CCB92CE1D1FF009768BC /* Sources */ = {
			isa = PBXSourcesBuildPhase;
			buildActionMask = 2147483647;
			files = (
			);
			runOnlyForDeploymentPostprocessing = 0;
		};
/* End PBXSourcesBuildPhase section */

/* Begin PBXTargetDependency section */
		5CD3CCB52CE1D1FF009768BC /* PBXTargetDependency */ = {
			isa = PBXTargetDependency;
			target = 5CD3CC9C2CE1D1FE009768BC /* Readly */;
			targetProxy = 5CD3CCB42CE1D1FF009768BC /* PBXContainerItemProxy */;
		};
		5CD3CCBF2CE1D1FF009768BC /* PBXTargetDependency */ = {
			isa = PBXTargetDependency;
			target = 5CD3CC9C2CE1D1FE009768BC /* Readly */;
			targetProxy = 5CD3CCBE2CE1D1FF009768BC /* PBXContainerItemProxy */;
		};
/* End PBXTargetDependency section */

/* Begin XCBuildConfiguration section */
		5CD3CCC72CE1D1FF009768BC /* Debug */ = {
			isa = XCBuildConfiguration;
			buildSettings = {
				ASSETCATALOG_COMPILER_APPICON_NAME = AppIcon;
				ASSETCATALOG_COMPILER_GLOBAL_ACCENT_COLOR_NAME = AccentColor;
				CODE_SIGN_STYLE = Automatic;
				CURRENT_PROJECT_VERSION = 1;
				GENERATE_INFOPLIST_FILE = YES;
				INFOPLIST_FILE = Readly/Info.plist;
				INFOPLIST_KEY_UIApplicationSupportsIndirectInputEvents = YES;
				INFOPLIST_KEY_UILaunchStoryboardName = LaunchScreen;
				INFOPLIST_KEY_UISupportedInterfaceOrientations_iPad = "UIInterfaceOrientationPortrait UIInterfaceOrientationPortraitUpsideDown UIInterfaceOrientationLandscapeLeft UIInterfaceOrientationLandscapeRight";
				INFOPLIST_KEY_UISupportedInterfaceOrientations_iPhone = "UIInterfaceOrientationPortrait UIInterfaceOrientationLandscapeLeft UIInterfaceOrientationLandscapeRight";
				LD_RUNPATH_SEARCH_PATHS = (
					"$(inherited)",
					"@executable_path/Frameworks",
				);
				MARKETING_VERSION = 1.0;
				PRODUCT_BUNDLE_IDENTIFIER = sphoortimpatil.Readly;
				PRODUCT_NAME = "$(TARGET_NAME)";
				SWIFT_EMIT_LOC_STRINGS = YES;
				SWIFT_VERSION = 5.0;
				TARGETED_DEVICE_FAMILY = "1,2";
			};
			name = Debug;
		};
		5CD3CCC82CE1D1FF009768BC /* Release */ = {
			isa = XCBuildConfiguration;
			buildSettings = {
				ASSETCATALOG_COMPILER_APPICON_NAME = AppIcon;
				ASSETCATALOG_COMPILER_GLOBAL_ACCENT_COLOR_NAME = AccentColor;
				CODE_SIGN_STYLE = Automatic;
				CURRENT_PROJECT_VERSION = 1;
				GENERATE_INFOPLIST_FILE = YES;
				INFOPLIST_FILE = Readly/Info.plist;
				INFOPLIST_KEY_UIApplicationSupportsIndirectInputEvents = YES;
				INFOPLIST_KEY_UILaunchStoryboardName = LaunchScreen;
				INFOPLIST_KEY_UISupportedInterfaceOrientations_iPad = "UIInterfaceOrientationPortrait UIInterfaceOrientationPortraitUpsideDown UIInterfaceOrientationLandscapeLeft UIInterfaceOrientationLandscapeRight";
				INFOPLIST_KEY_UISupportedInterfaceOrientations_iPhone = "UIInterfaceOrientationPortrait UIInterfaceOrientationLandscapeLeft UIInterfaceOrientationLandscapeRight";
				LD_RUNPATH_SEARCH_PATHS = (
					"$(inherited)",
					"@executable_path/Frameworks",
				);
				MARKETING_VERSION = 1.0;
				PRODUCT_BUNDLE_IDENTIFIER = sphoortimpatil.Readly;
				PRODUCT_NAME = "$(TARGET_NAME)";
				SWIFT_EMIT_LOC_STRINGS = YES;
				SWIFT_VERSION = 5.0;
				TARGETED_DEVICE_FAMILY = "1,2";
			};
			name = Release;
		};
		5CD3CCC92CE1D1FF009768BC /* Debug */ = {
			isa = XCBuildConfiguration;
			buildSettings = {
				ALWAYS_SEARCH_USER_PATHS = NO;
				ASSETCATALOG_COMPILER_GENERATE_SWIFT_ASSET_SYMBOL_EXTENSIONS = YES;
				CLANG_ANALYZER_NONNULL = YES;
				CLANG_ANALYZER_NUMBER_OBJECT_CONVERSION = YES_AGGRESSIVE;
				CLANG_CXX_LANGUAGE_STANDARD = "gnu++20";
				CLANG_ENABLE_MODULES = YES;
				CLANG_ENABLE_OBJC_ARC = YES;
				CLANG_ENABLE_OBJC_WEAK = YES;
				CLANG_WARN_BLOCK_CAPTURE_AUTORELEASING = YES;
				CLANG_WARN_BOOL_CONVERSION = YES;
				CLANG_WARN_COMMA = YES;
				CLANG_WARN_CONSTANT_CONVERSION = YES;
				CLANG_WARN_DEPRECATED_OBJC_IMPLEMENTATIONS = YES;
				CLANG_WARN_DIRECT_OBJC_ISA_USAGE = YES_ERROR;
				CLANG_WARN_DOCUMENTATION_COMMENTS = YES;
				CLANG_WARN_EMPTY_BODY = YES;
				CLANG_WARN_ENUM_CONVERSION = YES;
				CLANG_WARN_INFINITE_RECURSION = YES;
				CLANG_WARN_INT_CONVERSION = YES;
				CLANG_WARN_NON_LITERAL_NULL_CONVERSION = YES;
				CLANG_WARN_OBJC_IMPLICIT_RETAIN_SELF = YES;
				CLANG_WARN_OBJC_LITERAL_CONVERSION = YES;
				CLANG_WARN_OBJC_ROOT_CLASS = YES_ERROR;
				CLANG_WARN_QUOTED_INCLUDE_IN_FRAMEWORK_HEADER = YES;
				CLANG_WARN_RANGE_LOOP_ANALYSIS = YES;
				CLANG_WARN_STRICT_PROTOTYPES = YES;
				CLANG_WARN_SUSPICIOUS_MOVE = YES;
				CLANG_WARN_UNGUARDED_AVAILABILITY = YES_AGGRESSIVE;
				CLANG_WARN_UNREACHABLE_CODE = YES;
				CLANG_WARN__DUPLICATE_METHOD_MATCH = YES;
				COPY_PHASE_STRIP = NO;
				DEBUG_INFORMATION_FORMAT = dwarf;
				ENABLE_STRICT_OBJC_MSGSEND = YES;
				ENABLE_TESTABILITY = YES;
				ENABLE_USER_SCRIPT_SANDBOXING = YES;
				GCC_C_LANGUAGE_STANDARD = gnu17;
				GCC_DYNAMIC_NO_PIC = NO;
				GCC_NO_COMMON_BLOCKS = YES;
				GCC_OPTIMIZATION_LEVEL = 0;
				GCC_PREPROCESSOR_DEFINITIONS = (
					"DEBUG=1",
					"$(inherited)",
				);
				GCC_WARN_64_TO_32_BIT_CONVERSION = YES;
				GCC_WARN_ABOUT_RETURN_TYPE = YES_ERROR;
				GCC_WARN_UNDECLARED_SELECTOR = YES;
				GCC_WARN_UNINITIALIZED_AUTOS = YES_AGGRESSIVE;
				GCC_WARN_UNUSED_FUNCTION = YES;
				GCC_WARN_UNUSED_VARIABLE = YES;
				IPHONEOS_DEPLOYMENT_TARGET = 18.1;
				LOCALIZATION_PREFERS_STRING_CATALOGS = YES;
				MTL_ENABLE_DEBUG_INFO = INCLUDE_SOURCE;
				MTL_FAST_MATH = YES;
				ONLY_ACTIVE_ARCH = YES;
				SDKROOT = iphoneos;
				SWIFT_ACTIVE_COMPILATION_CONDITIONS = "DEBUG $(inherited)";
				SWIFT_OPTIMIZATION_LEVEL = "-Onone";
			};
			name = Debug;
		};
		5CD3CCCA2CE1D1FF009768BC /* Release */ = {
			isa = XCBuildConfiguration;
			buildSettings = {
				ALWAYS_SEARCH_USER_PATHS = NO;
				ASSETCATALOG_COMPILER_GENERATE_SWIFT_ASSET_SYMBOL_EXTENSIONS = YES;
				CLANG_ANALYZER_NONNULL = YES;
				CLANG_ANALYZER_NUMBER_OBJECT_CONVERSION = YES_AGGRESSIVE;
				CLANG_CXX_LANGUAGE_STANDARD = "gnu++20";
				CLANG_ENABLE_MODULES = YES;
				CLANG_ENABLE_OBJC_ARC = YES;
				CLANG_ENABLE_OBJC_WEAK = YES;
				CLANG_WARN_BLOCK_CAPTURE_AUTORELEASING = YES;
				CLANG_WARN_BOOL_CONVERSION = YES;
				CLANG_WARN_COMMA = YES;
				CLANG_WARN_CONSTANT_CONVERSION = YES;
				CLANG_WARN_DEPRECATED_OBJC_IMPLEMENTATIONS = YES;
				CLANG_WARN_DIRECT_OBJC_ISA_USAGE = YES_ERROR;
				CLANG_WARN_DOCUMENTATION_COMMENTS = YES;
				CLANG_WARN_EMPTY_BODY = YES;
				CLANG_WARN_ENUM_CONVERSION = YES;
				CLANG_WARN_INFINITE_RECURSION = YES;
				CLANG_WARN_INT_CONVERSION = YES;
				CLANG_WARN_NON_LITERAL_NULL_CONVERSION = YES;
				CLANG_WARN_OBJC_IMPLICIT_RETAIN_SELF = YES;
				CLANG_WARN_OBJC_LITERAL_CONVERSION = YES;
				CLANG_WARN_OBJC_ROOT_CLASS = YES_ERROR;
				CLANG_WARN_QUOTED_INCLUDE_IN_FRAMEWORK_HEADER = YES;
				CLANG_WARN_RANGE_LOOP_ANALYSIS = YES;
				CLANG_WARN_STRICT_PROTOTYPES = YES;
				CLANG_WARN_SUSPICIOUS_MOVE = YES;
				CLANG_WARN_UNGUARDED_AVAILABILITY = YES_AGGRESSIVE;
				CLANG_WARN_UNREACHABLE_CODE = YES;
				CLANG_WARN__DUPLICATE_METHOD_MATCH = YES;
				COPY_PHASE_STRIP = NO;
				DEBUG_INFORMATION_FORMAT = "dwarf-with-dsym";
				ENABLE_NS_ASSERTIONS = NO;
				ENABLE_STRICT_OBJC_MSGSEND = YES;
				ENABLE_USER_SCRIPT_SANDBOXING = YES;
				GCC_C_LANGUAGE_STANDARD = gnu17;
				GCC_NO_COMMON_BLOCKS = YES;
				GCC_WARN_64_TO_32_BIT_CONVERSION = YES;
				GCC_WARN_ABOUT_RETURN_TYPE = YES_ERROR;
				GCC_WARN_UNDECLARED_SELECTOR = YES;
				GCC_WARN_UNINITIALIZED_AUTOS = YES_AGGRESSIVE;
				GCC_WARN_UNUSED_FUNCTION = YES;
				GCC_WARN_UNUSED_VARIABLE = YES;
				IPHONEOS_DEPLOYMENT_TARGET = 18.1;
				LOCALIZATION_PREFERS_STRING_CATALOGS = YES;
				MTL_ENABLE_DEBUG_INFO = NO;
				MTL_FAST_MATH = YES;
				SDKROOT = iphoneos;
				SWIFT_COMPILATION_MODE = wholemodule;
				VALIDATE_PRODUCT = YES;
			};
			name = Release;
		};
		5CD3CCCC2CE1D1FF009768BC /* Debug */ = {
			isa = XCBuildConfiguration;
			buildSettings = {
				BUNDLE_LOADER = "$(TEST_HOST)";
				CODE_SIGN_STYLE = Automatic;
				CURRENT_PROJECT_VERSION = 1;
				GENERATE_INFOPLIST_FILE = YES;
				IPHONEOS_DEPLOYMENT_TARGET = 18.1;
				MARKETING_VERSION = 1.0;
				PRODUCT_BUNDLE_IDENTIFIER = sphoortimpatil.ReadlyTests;
				PRODUCT_NAME = "$(TARGET_NAME)";
				SWIFT_EMIT_LOC_STRINGS = NO;
				SWIFT_VERSION = 5.0;
				TARGETED_DEVICE_FAMILY = "1,2";
				TEST_HOST = "$(BUILT_PRODUCTS_DIR)/Readly.app/$(BUNDLE_EXECUTABLE_FOLDER_PATH)/Readly";
			};
			name = Debug;
		};
		5CD3CCCD2CE1D1FF009768BC /* Release */ = {
			isa = XCBuildConfiguration;
			buildSettings = {
				BUNDLE_LOADER = "$(TEST_HOST)";
				CODE_SIGN_STYLE = Automatic;
				CURRENT_PROJECT_VERSION = 1;
				GENERATE_INFOPLIST_FILE = YES;
				IPHONEOS_DEPLOYMENT_TARGET = 18.1;
				MARKETING_VERSION = 1.0;
				PRODUCT_BUNDLE_IDENTIFIER = sphoortimpatil.ReadlyTests;
				PRODUCT_NAME = "$(TARGET_NAME)";
				SWIFT_EMIT_LOC_STRINGS = NO;
				SWIFT_VERSION = 5.0;
				TARGETED_DEVICE_FAMILY = "1,2";
				TEST_HOST = "$(BUILT_PRODUCTS_DIR)/Readly.app/$(BUNDLE_EXECUTABLE_FOLDER_PATH)/Readly";
			};
			name = Release;
		};
		5CD3CCCF2CE1D1FF009768BC /* Debug */ = {
			isa = XCBuildConfiguration;
			buildSettings = {
				CODE_SIGN_STYLE = Automatic;
				CURRENT_PROJECT_VERSION = 1;
				GENERATE_INFOPLIST_FILE = YES;
				MARKETING_VERSION = 1.0;
				PRODUCT_BUNDLE_IDENTIFIER = sphoortimpatil.ReadlyUITests;
				PRODUCT_NAME = "$(TARGET_NAME)";
				SWIFT_EMIT_LOC_STRINGS = NO;
				SWIFT_VERSION = 5.0;
				TARGETED_DEVICE_FAMILY = "1,2";
				TEST_TARGET_NAME = Readly;
			};
			name = Debug;
		};
		5CD3CCD02CE1D1FF009768BC /* Release */ = {
			isa = XCBuildConfiguration;
			buildSettings = {
				CODE_SIGN_STYLE = Automatic;
				CURRENT_PROJECT_VERSION = 1;
				GENERATE_INFOPLIST_FILE = YES;
				MARKETING_VERSION = 1.0;
				PRODUCT_BUNDLE_IDENTIFIER = sphoortimpatil.ReadlyUITests;
				PRODUCT_NAME = "$(TARGET_NAME)";
				SWIFT_EMIT_LOC_STRINGS = NO;
				SWIFT_VERSION = 5.0;
				TARGETED_DEVICE_FAMILY = "1,2";
				TEST_TARGET_NAME = Readly;
			};
			name = Release;
		};
/* End XCBuildConfiguration section */

/* Begin XCConfigurationList section */
		5CD3CC982CE1D1FE009768BC /* Build configuration list for PBXProject "Readly" */ = {
			isa = XCConfigurationList;
			buildConfigurations = (
				5CD3CCC92CE1D1FF009768BC /* Debug */,
				5CD3CCCA2CE1D1FF009768BC /* Release */,
			);
			defaultConfigurationIsVisible = 0;
			defaultConfigurationName = Release;
		};
		5CD3CCC62CE1D1FF009768BC /* Build configuration list for PBXNativeTarget "Readly" */ = {
			isa = XCConfigurationList;
			buildConfigurations = (
				5CD3CCC72CE1D1FF009768BC /* Debug */,
				5CD3CCC82CE1D1FF009768BC /* Release */,
			);
			defaultConfigurationIsVisible = 0;
			defaultConfigurationName = Release;
		};
		5CD3CCCB2CE1D1FF009768BC /* Build configuration list for PBXNativeTarget "ReadlyTests" */ = {
			isa = XCConfigurationList;
			buildConfigurations = (
				5CD3CCCC2CE1D1FF009768BC /* Debug */,
				5CD3CCCD2CE1D1FF009768BC /* Release */,
			);
			defaultConfigurationIsVisible = 0;
			defaultConfigurationName = Release;
		};
		5CD3CCCE2CE1D1FF009768BC /* Build configuration list for PBXNativeTarget "ReadlyUITests" */ = {
			isa = XCConfigurationList;
			buildConfigurations = (
				5CD3CCCF2CE1D1FF009768BC /* Debug */,
				5CD3CCD02CE1D1FF009768BC /* Release */,
			);
			defaultConfigurationIsVisible = 0;
			defaultConfigurationName = Release;
		};
/* End XCConfigurationList section */
	};
	rootObject = 5CD3CC952CE1D1FE009768BC /* Project object */;
}
